
Microsoft Visual Studio Solution File, Format Version 12.00
# Visual Studio Version 16
VisualStudioVersion = 16.0.31019.35
MinimumVisualStudioVersion = 10.0.40219.1
Project("{FAE04EC0-301F-11D3-BF4B-00C04F79EFBC}") = "Ex03.GarageLogic", "Ex03.GarageLogic\Ex03.GarageLogic.csproj", "{B03B7428-5332-4977-9DBC-42550A624B42}"
EndProject
Project("{FAE04EC0-301F-11D3-BF4B-00C04F79EFBC}") = "Ex03.ConsoleUI", "Ex03.ConsoleUI\Ex03.ConsoleUI.csproj", "{62CB7285-263D-4D8A-A2C9-563E1957FEDE}"
EndProject
Project("{2150E333-8FDC-42A3-9474-1A3956D46DE8}") = "Solution Items", "Solution Items", "{26B99CC0-70B1-4A14-8A64-DE1C57D712B5}"
	ProjectSection(SolutionItems) = preProject
		..\Desktop\Diagram.jpg = ..\Desktop\Diagram.jpg
	EndProjectSection
EndProject
Global
	GlobalSection(SolutionConfigurationPlatforms) = preSolution
		Debug|Any CPU = Debug|Any CPU
		Release|Any CPU = Release|Any CPU
	EndGlobalSection
	GlobalSection(ProjectConfigurationPlatforms) = postSolution
		{B03B7428-5332-4977-9DBC-42550A624B42}.Debug|Any CPU.ActiveCfg = Debug|Any CPU
		{B03B7428-5332-4977-9DBC-42550A624B42}.Debug|Any CPU.Build.0 = Debug|Any CPU
		{B03B7428-5332-4977-9DBC-42550A624B42}.Release|Any CPU.ActiveCfg = Release|Any CPU
		{B03B7428-5332-4977-9DBC-42550A624B42}.Release|Any CPU.Build.0 = Release|Any CPU
		{62CB7285-263D-4D8A-A2C9-563E1957FEDE}.Debug|Any CPU.ActiveCfg = Debug|Any CPU
		{62CB7285-263D-4D8A-A2C9-563E1957FEDE}.Debug|Any CPU.Build.0 = Debug|Any CPU
		{62CB7285-263D-4D8A-A2C9-563E1957FEDE}.Release|Any CPU.ActiveCfg = Release|Any CPU
		{62CB7285-263D-4D8A-A2C9-563E1957FEDE}.Release|Any CPU.Build.0 = Release|Any CPU
	EndGlobalSection
	GlobalSection(SolutionProperties) = preSolution
		HideSolutionNode = FALSE
	EndGlobalSection
	GlobalSection(ExtensibilityGlobals) = postSolution
		SolutionGuid = {1C51815F-5FF8-4DE5-82BF-AFA02D2638E0}
	EndGlobalSection
EndGlobal
